
Microsoft Visual Studio Solution File, Format Version 12.00
# Visual Studio Version 17
VisualStudioVersion = 17.0.31903.59
MinimumVisualStudioVersion = 10.0.40219.1
Project("{FAE04EC0-301F-11D3-BF4B-00C04F79EFBC}") = "MeuPrograma", "MeuPrograma\MeuPrograma.csproj", "{A8F2A47A-7F1D-4699-9398-1ADEEE76DBA2}"
EndProject
Project("{FAE04EC0-301F-11D3-BF4B-00C04F79EFBC}") = "MeuPrograma.Common", "MeuPrograma.Common\MeuPrograma.Common.csproj", "{FCBDF4E8-FE1A-4FEB-ACF4-4EAB2EB163FF}"
EndProject
Global
	GlobalSection(SolutionConfigurationPlatforms) = preSolution
		Debug|Any CPU = Debug|Any CPU
		Debug|x64 = Debug|x64
		Debug|x86 = Debug|x86
		Release|Any CPU = Release|Any CPU
		Release|x64 = Release|x64
		Release|x86 = Release|x86
	EndGlobalSection
	GlobalSection(ProjectConfigurationPlatforms) = postSolution
		{A8F2A47A-7F1D-4699-9398-1ADEEE76DBA2}.Debug|Any CPU.ActiveCfg = Debug|Any CPU
		{A8F2A47A-7F1D-4699-9398-1ADEEE76DBA2}.Debug|Any CPU.Build.0 = Debug|Any CPU
		{A8F2A47A-7F1D-4699-9398-1ADEEE76DBA2}.Debug|x64.ActiveCfg = Debug|Any CPU
		{A8F2A47A-7F1D-4699-9398-1ADEEE76DBA2}.Debug|x64.Build.0 = Debug|Any CPU
		{A8F2A47A-7F1D-4699-9398-1ADEEE76DBA2}.Debug|x86.ActiveCfg = Debug|Any CPU
		{A8F2A47A-7F1D-4699-9398-1ADEEE76DBA2}.Debug|x86.Build.0 = Debug|Any CPU
		{A8F2A47A-7F1D-4699-9398-1ADEEE76DBA2}.Release|Any CPU.ActiveCfg = Release|Any CPU
		{A8F2A47A-7F1D-4699-9398-1ADEEE76DBA2}.Release|Any CPU.Build.0 = Release|Any CPU
		{A8F2A47A-7F1D-4699-9398-1ADEEE76DBA2}.Release|x64.ActiveCfg = Release|Any CPU
		{A8F2A47A-7F1D-4699-9398-1ADEEE76DBA2}.Release|x64.Build.0 = Release|Any CPU
		{A8F2A47A-7F1D-4699-9398-1ADEEE76DBA2}.Release|x86.ActiveCfg = Release|Any CPU
		{A8F2A47A-7F1D-4699-9398-1ADEEE76DBA2}.Release|x86.Build.0 = Release|Any CPU
		{FCBDF4E8-FE1A-4FEB-ACF4-4EAB2EB163FF}.Debug|Any CPU.ActiveCfg = Debug|Any CPU
		{FCBDF4E8-FE1A-4FEB-ACF4-4EAB2EB163FF}.Debug|Any CPU.Build.0 = Debug|Any CPU
		{FCBDF4E8-FE1A-4FEB-ACF4-4EAB2EB163FF}.Debug|x64.ActiveCfg = Debug|Any CPU
		{FCBDF4E8-FE1A-4FEB-ACF4-4EAB2EB163FF}.Debug|x64.Build.0 = Debug|Any CPU
		{FCBDF4E8-FE1A-4FEB-ACF4-4EAB2EB163FF}.Debug|x86.ActiveCfg = Debug|Any CPU
		{FCBDF4E8-FE1A-4FEB-ACF4-4EAB2EB163FF}.Debug|x86.Build.0 = Debug|Any CPU
		{FCBDF4E8-FE1A-4FEB-ACF4-4EAB2EB163FF}.Release|Any CPU.ActiveCfg = Release|Any CPU
		{FCBDF4E8-FE1A-4FEB-ACF4-4EAB2EB163FF}.Release|Any CPU.Build.0 = Release|Any CPU
		{FCBDF4E8-FE1A-4FEB-ACF4-4EAB2EB163FF}.Release|x64.ActiveCfg = Release|Any CPU
		{FCBDF4E8-FE1A-4FEB-ACF4-4EAB2EB163FF}.Release|x64.Build.0 = Release|Any CPU
		{FCBDF4E8-FE1A-4FEB-ACF4-4EAB2EB163FF}.Release|x86.ActiveCfg = Release|Any CPU
		{FCBDF4E8-FE1A-4FEB-ACF4-4EAB2EB163FF}.Release|x86.Build.0 = Release|Any CPU
	EndGlobalSection
	GlobalSection(SolutionProperties) = preSolution
		HideSolutionNode = FALSE
	EndGlobalSection
EndGlobal
