Microsoft Visual Studio Solution File, Format Version 12.00
# Visual Studio Version 17
VisualStudioVersion = 17.5.2.0
MinimumVisualStudioVersion = 10.0.40219.1
Project("{FAE04EC0-301F-11D3-BF4B-00C04F79EFBC}") = "CsPoo", "CsPoo.csproj", "{D5392317-52FC-97CB-9897-890723D0F566}"
EndProject
Global
	GlobalSection(SolutionConfigurationPlatforms) = preSolution
		Debug|Any CPU = Debug|Any CPU
		Release|Any CPU = Release|Any CPU
	EndGlobalSection
	GlobalSection(ProjectConfigurationPlatforms) = postSolution
		{D5392317-52FC-97CB-9897-890723D0F566}.Debug|Any CPU.ActiveCfg = Debug|Any CPU
		{D5392317-52FC-97CB-9897-890723D0F566}.Debug|Any CPU.Build.0 = Debug|Any CPU
		{D5392317-52FC-97CB-9897-890723D0F566}.Release|Any CPU.ActiveCfg = Release|Any CPU
		{D5392317-52FC-97CB-9897-890723D0F566}.Release|Any CPU.Build.0 = Release|Any CPU
	EndGlobalSection
	GlobalSection(SolutionProperties) = preSolution
		HideSolutionNode = FALSE
	EndGlobalSection
	GlobalSection(ExtensibilityGlobals) = postSolution
		SolutionGuid = {EA768D90-9214-42B0-A806-276F5EF4B89A}
	EndGlobalSection
EndGlobal
